{
  "name": "ai-voice-assistant",
  "version": "1.0.0",
  "lockfileVersion": 2,
  "requires": true,
  "packages": {
    "": {
      "name": "ai-voice-assistant",
      "version": "1.0.0",
      "license": "ISC",
      "dependencies": {
        "express": "^4.18.2",
        "ws": "^8.13.0",
        "cors": "^2.8.5",
        "body-parser": "^1.20.2",
        "openai": "^4.0.0"
      }
    },
    "node_modules/accepts": {
      "version": "1.3.8",
      "resolved": "https://registry.npmjs.org/accepts/-/accepts-1.3.8.tgz",
      "integrity": "sha512-PYAthTa2+k5DkRZ7pdi7U5xGYo7RkCxrM6RDGrA+v7GRY2s1XIQlJrJjRDpJgVfdWjhQ2aH0Z1zMIeRBnNQ7iQ==",
      "dependencies": {
        "mime-types": "~2.1.34",
        "negotiator": "0.6.3"
      },
      "engines": {
        "node": ">= 0.6"
      }
    },
    "node_modules/body-parser": {
      "version": "1.20.2",
      "resolved": "https://registry.npmjs.org/body-parser/-/body-parser-1.20.2.tgz",
      "integrity": "sha512-ml9W9rMzyhx4+ZQvWxRfJ+gI7HiHQhWb6WYoWv+QyX2h3w3r8mfYdqzN5pUKz27o6dZQrcu4xnyDGLPm4BxGlg==",
      "dependencies": {
        "bytes": "3.1.2",
        "content-type": "~1.0.4",
        "debug": "2.6.9",
        "depd": "~2.0.0",
        "http-errors": "2.0.0",
        "iconv-lite": "0.4.24",
        "on-finished": "2.4.1",
        "qs": "6.11.0",
        "raw-body": "2.5.2",
        "type-is": "~1.6.18"
      },
      "engines": {
        "node": ">= 0.8",
        "npm": "1.2.8000 || >= 1.4.16"
      }
    },
    "node_modules/cors": {
      "version": "2.8.5",
      "resolved": "https://registry.npmjs.org/cors/-/cors-2.8.5.tgz",
      "integrity": "sha512-K3j2l87vr0auJXjcM6aSeZs9i3Q3TRNk3XxxYzWqzMTYkxu+iGc8z7pxHcaeS5DqtQSjLxjwJhP6Vp7L+5uD4w==",
      "dependencies": {
        "object-assign": "^4",
        "vary": "^1"
      },
      "engines": {
        "node": ">= 0.10"
      }
    },
    "node_modules/express": {
      "version": "4.18.2",
      "resolved": "https://registry.npmjs.org/express/-/express-4.18.2.tgz",
      "integrity": "sha512-5/PsLwWZkN8Fb+N5sQozsG2VhEYVhA3KX8wq+PZ1MUTaWkFcrQd4tV0mRlS1flKmbBj6ZKwJ1lHh+36VQyRx8A==",
      "dependencies": {
        "accepts": "~1.3.8",
        "array-flatten": "1.1.1",
        "body-parser": "1.20.2",
        "content-disposition": "0.5.4",
        "content-type": "~1.0.4",
        "cookie": "0.5.0",
        "cookie-signature": "1.0.6",
        "debug": "2.6.9",
        "depd": "2.0.0",
        "encodeurl": "~1.0.2",
        "escape-html": "~1.0.3",
        "etag": "~1.8.1",
        "finalhandler": "1.2.0",
        "fresh": "0.5.2",
        "http-errors": "2.0.0",
        "merge-descriptors": "1.0.1",
        "methods": "~1.1.2",
        "on-finished": "2.4.1",
        "parseurl": "~1.3.3",
        "path-to-regexp": "0.1.7",
        "proxy-addr": "~2.0.7",
        "qs": "6.11.0",
        "range-parser": "~1.2.1",
        "safe-buffer": "5.2.1",
        "send": "0.18.0",
        "serve-static": "1.15.0",
        "setprototypeof": "1.2.0",
        "statuses": "2.0.1",
        "type-is": "~1.6.18",
        "utils-merge": "1.0.1",
        "vary": "~1.1.2"
      },
      "engines": {
        "node": ">= 0.10.0"
      }
    },
    "node_modules/openai": {
      "version": "4.0.0",
      "resolved": "https://registry.npmjs.org/openai/-/openai-4.0.0.tgz",
      "integrity": "sha512-6EoFL5g1qdpJ5zL6BZ6eC9iJ8ITw0o4J9HzvnE2zORR2lVSRUcfEAvXsQzkc3mRGrdH5sDnwd1rQjq7cTg7Y6g==",
      "engines": {
        "node": ">=14"
      }
    },
    "node_modules/ws": {
      "version": "8.13.0",
      "resolved": "https://registry.npmjs.org/ws/-/ws-8.13.0.tgz",
      "integrity": "sha512-xG3hTvD7wK+wk8xFFfU6hQbNPOpEOrU7UWRRK8cFUVJ5o1Xfqj7PWBqE39XrvqsP+w8rxnU+xH8hZXU6IMfFqA==",
      "engines": {
        "node": ">=10.0.0"
      }
    }
  },
  "dependencies": {
    "express": {
      "version": "4.18.2"
    },
    "ws": {
      "version": "8.13.0"
    },
    "cors": {
      "version": "2.8.5"
    },
    "body-parser": {
      "version": "1.20.2"
    },
    "openai": {
      "version": "4.0.0"
    }
  }
}
